Microsoft Visual Studio Solution File, Format Version 11.00
# Visual Studio 2008

Project("{FE92F80A-6695-426A-F415-BBEFE06F166D}") = "spider_dungeon_crawler", "Assembly-UnityScript.unityproj", "{2DA0219C-B033-B6EC-B7C9-FD805083CE04}"
EndProject
Global
	GlobalSection(SolutionConfigurationPlatforms) = preSolution
		Debug|Any CPU = Debug|Any CPU
		Release|Any CPU = Release|Any CPU
	EndGlobalSection
	GlobalSection(ProjectConfigurationPlatforms) = postSolution
		{2DA0219C-B033-B6EC-B7C9-FD805083CE04}.Debug|Any CPU.ActiveCfg = Debug|Any CPU
		{2DA0219C-B033-B6EC-B7C9-FD805083CE04}.Debug|Any CPU.Build.0 = Debug|Any CPU
		{2DA0219C-B033-B6EC-B7C9-FD805083CE04}.Release|Any CPU.ActiveCfg = Release|Any CPU
		{2DA0219C-B033-B6EC-B7C9-FD805083CE04}.Release|Any CPU.Build.0 = Release|Any CPU
	EndGlobalSection
	GlobalSection(SolutionProperties) = preSolution
		HideSolutionNode = FALSE
	EndGlobalSection
	GlobalSection(MonoDevelopProperties) = preSolution
		StartupItem = Assembly-CSharp.csproj
	EndGlobalSection
EndGlobal
